dependencies:
- name: postgresql
  repository: https://charts.bitnami.com/bitnami
  version: 15.5.38
- name: zimagi-lib
  repository: https://charts.zimagi.com
  version: 0.1.6
digest: sha256:dbd3c670028f93f496fd6f53c2d7154b85c4c2de44cb437cb0b43636c8bd92c5
generated: "2025-03-24T09:31:48.075669088-04:00"
